<?xml version="1.0" encoding="utf-8"?>
<Project ToolsVersion="4.0" xmlns="http://schemas.microsoft.com/developer/msbuild/2003">
  <ItemGroup>
    <Filter Include="Source Files">
      <UniqueIdentifier>{4FC737F1-C7A5-4376-A066-2A32D752A2FF}</UniqueIdentifier>
      <Extensions>cpp;c;cc;cxx;def;odl;idl;hpj;bat;asm;asmx</Extensions>
    </Filter>
    <Filter Include="Resource Files">
      <UniqueIdentifier>{67DA6AB6-F800-4c08-8B7A-83BB121AAD01}</UniqueIdentifier>
      <Extensions>rc;ico;cur;bmp;dlg;rc2;rct;bin;rgs;gif;jpg;jpeg;jpe;resx;tiff;tif;png;wav;mfcribbon-ms</Extensions>
    </Filter>
    <Filter Include="Source Files\Main Engine">
      <UniqueIdentifier>{8f4057e1-1251-47fc-b5da-c2c881f88f96}</UniqueIdentifier>
    </Filter>
    <Filter Include="Source Files\States">
      <UniqueIdentifier>{85bbc18b-3f9c-4505-9392-3432b236484c}</UniqueIdentifier>
    </Filter>
  </ItemGroup>
  <ItemGroup>
    <ClCompile Include="Main.cpp">
      <Filter>Source Files\Main Engine</Filter>
    </ClCompile>
    <ClCompile Include="Engine.cpp">
      <Filter>Source Files\Main Engine</Filter>
    </ClCompile>
    <ClCompile Include="InputHandler.cpp">
      <Filter>Source Files\Main Engine</Filter>
    </ClCompile>
    <ClCompile Include="StateManager.cpp">
      <Filter>Source Files\Main Engine</Filter>
    </ClCompile>
    <ClCompile Include="StartState.cpp">
      <Filter>Source Files\States</Filter>
    </ClCompile>
    <ClCompile Include="MenuState.cpp">
      <Filter>Source Files\States</Filter>
    </ClCompile>
    <ClCompile Include="OptionState.cpp">
      <Filter>Source Files\States</Filter>
    </ClCompile>
    <ClCompile Include="DrawManager.cpp">
      <Filter>Source Files\Main Engine</Filter>
    </ClCompile>
  </ItemGroup>
  <ItemGroup>
    <ClInclude Include="Engine.h">
      <Filter>Source Files\Main Engine</Filter>
    </ClInclude>
    <ClInclude Include="InputHandler.h">
      <Filter>Source Files\Main Engine</Filter>
    </ClInclude>
    <ClInclude Include="StateManager.h">
      <Filter>Source Files\Main Engine</Filter>
    </ClInclude>
    <ClInclude Include="State.h">
      <Filter>Source Files\Main Engine</Filter>
    </ClInclude>
    <ClInclude Include="StartState.h">
      <Filter>Source Files\States</Filter>
    </ClInclude>
    <ClInclude Include="MenuState.h">
      <Filter>Source Files\States</Filter>
    </ClInclude>
    <ClInclude Include="OptionState.h">
      <Filter>Source Files\States</Filter>
    </ClInclude>
    <ClInclude Include="DrawManager.h">
      <Filter>Source Files\Main Engine</Filter>
    </ClInclude>
    <ClInclude Include="Object.h">
      <Filter>Source Files\Main Engine</Filter>
    </ClInclude>
  </ItemGroup>
</Project>